PODS:
  - NSObject+Rx (4.2.0):
    - RxSwift (~> 4.0)
  - OML10n (0.1):
    - OML10n/Core (= 0.1)
    - OML10n/LiveUpdates (= 0.1)
    - OML10n/Parseltongue (= 0.1)
  - OML10n/Core (0.1)
  - OML10n/LiveUpdates (0.1):
    - NSObject+Rx (~> 4.2.0)
    - OML10n/Core
    - RealmSwift (~> 3.0.0)
    - RxRealm (~> 0.7.0)
    - RxSwift (~> 4.0.0)
  - OML10n/Parseltongue (0.1):
    - OML10n/LiveUpdates
    - Socket.IO-Client-Swift (~> 12.1.0)
  - Realm (3.0.1):
    - Realm/Headers (= 3.0.1)
  - Realm/Headers (3.0.1)
  - RealmSwift (3.0.1):
    - Realm (= 3.0.1)
  - RxRealm (0.7.4):
    - RealmSwift (~> 3.0)
    - RxSwift (~> 4.0)
  - RxSwift (4.0.0)
  - Socket.IO-Client-Swift (12.1.2):
    - Starscream (~> 2.1.1)
  - Starscream (2.1.1)

DEPENDENCIES:
  - OML10n (from `.`)

EXTERNAL SOURCES:
  OML10n:
    :path: .

SPEC CHECKSUMS:
  NSObject+Rx: cbbc05e3cb3ad446cdbced3e00e39c9efaf02925
  OML10n: 8d041cd241619fca920ed8e053ea627d7b075739
  Realm: ba6144c74f835f7497791f6599d63a7755377b83
  RealmSwift: 7d13b1ac4b6022a13f841e3143e7789c9e40ad0d
  RxRealm: 9e203070a6adadd8f2592b58bbc9c8cc40aa35ec
  RxSwift: fd680d75283beb5e2559486f3c0ff852f0d35334
  Socket.IO-Client-Swift: ba3cb1c4bf0a6ca90080406a2c22685c25ad1f60
  Starscream: 142bd8ef24592d985daee9fa48c936070b85b15f

PODFILE CHECKSUM: c3bbd1ba9d214555e68a8cf7cd6b19a9a33f1874

COCOAPODS: 1.3.1
