PODS:
  - NSObject+Rx (4.2.0):
    - RxSwift (~> 4.0)
  - OMLocalization (0.1):
    - NSObject+Rx (~> 4.2.0)
    - RealmSwift (~> 3.0.0)
    - RxRealm (~> 0.7.4)
    - RxSwift (~> 4.0.0)
    - Socket.IO-Client-Swift (~> 12.1.3)
  - Realm (3.0.2):
    - Realm/Headers (= 3.0.2)
  - Realm/Headers (3.0.2)
  - RealmSwift (3.0.2):
    - Realm (= 3.0.2)
  - RxRealm (0.7.4):
    - RealmSwift (~> 3.0)
    - RxSwift (~> 4.0)
  - RxSwift (4.0.0)
  - Socket.IO-Client-Swift (12.1.3):
    - Starscream (~> 2.1.1)
  - Starscream (2.1.1)

DEPENDENCIES:
  - OMLocalization (from `.`)

EXTERNAL SOURCES:
  OMLocalization:
    :path: .

SPEC CHECKSUMS:
  NSObject+Rx: cbbc05e3cb3ad446cdbced3e00e39c9efaf02925
  OMLocalization: 0eb72455bcb5d9ff907ea73e3c4d8352eec18464
  Realm: 6f23fd1f178a09342eac21bfa7c2bf4312a7a180
  RealmSwift: 695393add1b8f9d5fa75dd16e6355cf3935f71e2
  RxRealm: 9e203070a6adadd8f2592b58bbc9c8cc40aa35ec
  RxSwift: fd680d75283beb5e2559486f3c0ff852f0d35334
  Socket.IO-Client-Swift: 2d3838d0e7bc105626872081fb6a23141145e8f8
  Starscream: 142bd8ef24592d985daee9fa48c936070b85b15f

PODFILE CHECKSUM: 0107c1bfe90db907d719e0500ae15f0a5943859a

COCOAPODS: 1.3.1
