// !$*UTF8*$!
{
	archiveVersion = 1;
	classes = {
	};
	objectVersion = 46;
	objects = {

/* Begin PBXBuildFile section */
		10E2B3E946C4CDA38C0AC29D /* Pods_LocalizationTest.framework in Frameworks */ = {isa = PBXBuildFile; fileRef = 37F4BBF9B813CCC15D9DACA1 /* Pods_LocalizationTest.framework */; };
		AB312B671F45943F0041AE0A /* localization.json in Resources */ = {isa = PBXBuildFile; fileRef = AB312B661F45943F0041AE0A /* localization.json */; };
		AB54C0921F448B3500AEC098 /* AppDelegate.swift in Sources */ = {isa = PBXBuildFile; fileRef = AB54C0911F448B3500AEC098 /* AppDelegate.swift */; };
		AB54C0941F448B3500AEC098 /* MainVC.swift in Sources */ = {isa = PBXBuildFile; fileRef = AB54C0931F448B3500AEC098 /* MainVC.swift */; };
		AB54C0971F448B3500AEC098 /* Main.storyboard in Resources */ = {isa = PBXBuildFile; fileRef = AB54C0951F448B3500AEC098 /* Main.storyboard */; };
		AB54C0991F448B3500AEC098 /* Assets.xcassets in Resources */ = {isa = PBXBuildFile; fileRef = AB54C0981F448B3500AEC098 /* Assets.xcassets */; };
		AB54C09C1F448B3500AEC098 /* LaunchScreen.storyboard in Resources */ = {isa = PBXBuildFile; fileRef = AB54C09A1F448B3500AEC098 /* LaunchScreen.storyboard */; };
		AB54C0A41F448E4F00AEC098 /* LanguageSelectVC.swift in Sources */ = {isa = PBXBuildFile; fileRef = AB54C0A31F448E4F00AEC098 /* LanguageSelectVC.swift */; };
		AB54C0A61F448EDB00AEC098 /* Localization.swift in Sources */ = {isa = PBXBuildFile; fileRef = AB54C0A51F448EDB00AEC098 /* Localization.swift */; };
		AB54C0A81F448EE200AEC098 /* Localizable.swift in Sources */ = {isa = PBXBuildFile; fileRef = AB54C0A71F448EE200AEC098 /* Localizable.swift */; };
		AB54C0B21F44934700AEC098 /* RealmConfig.swift in Sources */ = {isa = PBXBuildFile; fileRef = AB54C0B11F44934700AEC098 /* RealmConfig.swift */; };
		AB54C0B41F44973300AEC098 /* LocalizedText.swift in Sources */ = {isa = PBXBuildFile; fileRef = AB54C0B31F44973300AEC098 /* LocalizedText.swift */; };
		AB54C0B91F449A8F00AEC098 /* Localizable.strings in Resources */ = {isa = PBXBuildFile; fileRef = AB54C0BB1F449A8F00AEC098 /* Localizable.strings */; };
		AB54C0C21F44A2F700AEC098 /* LiveUpdatable.swift in Sources */ = {isa = PBXBuildFile; fileRef = AB54C0C11F44A2F700AEC098 /* LiveUpdatable.swift */; };
		AB54C0C41F44B10400AEC098 /* UIKit+.swift in Sources */ = {isa = PBXBuildFile; fileRef = AB54C0C31F44B10400AEC098 /* UIKit+.swift */; };
		ABFA9C701F45D45A009D1CC1 /* LiveUpdatingService.swift in Sources */ = {isa = PBXBuildFile; fileRef = ABFA9C6F1F45D45A009D1CC1 /* LiveUpdatingService.swift */; };
/* End PBXBuildFile section */

/* Begin PBXFileReference section */
		37F4BBF9B813CCC15D9DACA1 /* Pods_LocalizationTest.framework */ = {isa = PBXFileReference; explicitFileType = wrapper.framework; includeInIndex = 0; path = Pods_LocalizationTest.framework; sourceTree = BUILT_PRODUCTS_DIR; };
		5135C8F5E8411A355851232A /* Pods-LocalizationTest.release.xcconfig */ = {isa = PBXFileReference; includeInIndex = 1; lastKnownFileType = text.xcconfig; name = "Pods-LocalizationTest.release.xcconfig"; path = "Pods/Target Support Files/Pods-LocalizationTest/Pods-LocalizationTest.release.xcconfig"; sourceTree = "<group>"; };
		689389D6D65CC6B70B274170 /* Pods-LocalizationTest.debug.xcconfig */ = {isa = PBXFileReference; includeInIndex = 1; lastKnownFileType = text.xcconfig; name = "Pods-LocalizationTest.debug.xcconfig"; path = "Pods/Target Support Files/Pods-LocalizationTest/Pods-LocalizationTest.debug.xcconfig"; sourceTree = "<group>"; };
		AB312B661F45943F0041AE0A /* localization.json */ = {isa = PBXFileReference; fileEncoding = 4; lastKnownFileType = text.json; path = localization.json; sourceTree = "<group>"; };
		AB54C08E1F448B3500AEC098 /* LocalizationTest.app */ = {isa = PBXFileReference; explicitFileType = wrapper.application; includeInIndex = 0; path = LocalizationTest.app; sourceTree = BUILT_PRODUCTS_DIR; };
		AB54C0911F448B3500AEC098 /* AppDelegate.swift */ = {isa = PBXFileReference; lastKnownFileType = sourcecode.swift; path = AppDelegate.swift; sourceTree = "<group>"; };
		AB54C0931F448B3500AEC098 /* MainVC.swift */ = {isa = PBXFileReference; lastKnownFileType = sourcecode.swift; path = MainVC.swift; sourceTree = "<group>"; };
		AB54C0981F448B3500AEC098 /* Assets.xcassets */ = {isa = PBXFileReference; lastKnownFileType = folder.assetcatalog; path = Assets.xcassets; sourceTree = "<group>"; };
		AB54C09B1F448B3500AEC098 /* Base */ = {isa = PBXFileReference; lastKnownFileType = file.storyboard; name = Base; path = Base.lproj/LaunchScreen.storyboard; sourceTree = "<group>"; };
		AB54C09D1F448B3500AEC098 /* Info.plist */ = {isa = PBXFileReference; lastKnownFileType = text.plist.xml; path = Info.plist; sourceTree = "<group>"; };
		AB54C0A31F448E4F00AEC098 /* LanguageSelectVC.swift */ = {isa = PBXFileReference; fileEncoding = 4; lastKnownFileType = sourcecode.swift; path = LanguageSelectVC.swift; sourceTree = "<group>"; };
		AB54C0A51F448EDB00AEC098 /* Localization.swift */ = {isa = PBXFileReference; fileEncoding = 4; lastKnownFileType = sourcecode.swift; path = Localization.swift; sourceTree = "<group>"; };
		AB54C0A71F448EE200AEC098 /* Localizable.swift */ = {isa = PBXFileReference; fileEncoding = 4; lastKnownFileType = sourcecode.swift; path = Localizable.swift; sourceTree = "<group>"; };
		AB54C0B11F44934700AEC098 /* RealmConfig.swift */ = {isa = PBXFileReference; fileEncoding = 4; lastKnownFileType = sourcecode.swift; path = RealmConfig.swift; sourceTree = "<group>"; };
		AB54C0B31F44973300AEC098 /* LocalizedText.swift */ = {isa = PBXFileReference; fileEncoding = 4; lastKnownFileType = sourcecode.swift; path = LocalizedText.swift; sourceTree = "<group>"; };
		AB54C0BA1F449A8F00AEC098 /* Base */ = {isa = PBXFileReference; lastKnownFileType = text.plist.strings; name = Base; path = Base.lproj/Localizable.strings; sourceTree = "<group>"; };
		AB54C0BC1F449A9000AEC098 /* en */ = {isa = PBXFileReference; lastKnownFileType = text.plist.strings; name = en; path = en.lproj/Localizable.strings; sourceTree = "<group>"; };
		AB54C0BD1F449A9100AEC098 /* he */ = {isa = PBXFileReference; lastKnownFileType = text.plist.strings; name = he; path = he.lproj/Localizable.strings; sourceTree = "<group>"; };
		AB54C0BE1F449A9200AEC098 /* ru */ = {isa = PBXFileReference; lastKnownFileType = text.plist.strings; name = ru; path = ru.lproj/Localizable.strings; sourceTree = "<group>"; };
		AB54C0C01F449ADE00AEC098 /* Base */ = {isa = PBXFileReference; lastKnownFileType = file.storyboard; name = Base; path = Base.lproj/Main.storyboard; sourceTree = "<group>"; };
		AB54C0C11F44A2F700AEC098 /* LiveUpdatable.swift */ = {isa = PBXFileReference; fileEncoding = 4; lastKnownFileType = sourcecode.swift; path = LiveUpdatable.swift; sourceTree = "<group>"; };
		AB54C0C31F44B10400AEC098 /* UIKit+.swift */ = {isa = PBXFileReference; fileEncoding = 4; lastKnownFileType = sourcecode.swift; path = "UIKit+.swift"; sourceTree = "<group>"; };
		ABFA9C6F1F45D45A009D1CC1 /* LiveUpdatingService.swift */ = {isa = PBXFileReference; fileEncoding = 4; lastKnownFileType = sourcecode.swift; path = LiveUpdatingService.swift; sourceTree = "<group>"; };
/* End PBXFileReference section */

/* Begin PBXFrameworksBuildPhase section */
		AB54C08B1F448B3500AEC098 /* Frameworks */ = {
			isa = PBXFrameworksBuildPhase;
			buildActionMask = 2147483647;
			files = (
				10E2B3E946C4CDA38C0AC29D /* Pods_LocalizationTest.framework in Frameworks */,
			);
			runOnlyForDeploymentPostprocessing = 0;
		};
/* End PBXFrameworksBuildPhase section */

/* Begin PBXGroup section */
		71498EA110D0C8E3DE980137 /* Frameworks */ = {
			isa = PBXGroup;
			children = (
				37F4BBF9B813CCC15D9DACA1 /* Pods_LocalizationTest.framework */,
			);
			name = Frameworks;
			sourceTree = "<group>";
		};
		74CFBA5FC4F730B3A4EF3A6A /* Pods */ = {
			isa = PBXGroup;
			children = (
				689389D6D65CC6B70B274170 /* Pods-LocalizationTest.debug.xcconfig */,
				5135C8F5E8411A355851232A /* Pods-LocalizationTest.release.xcconfig */,
			);
			name = Pods;
			sourceTree = "<group>";
		};
		AB54C0851F448B3500AEC098 = {
			isa = PBXGroup;
			children = (
				AB54C0901F448B3500AEC098 /* LocalizationTest */,
				AB54C08F1F448B3500AEC098 /* Products */,
				74CFBA5FC4F730B3A4EF3A6A /* Pods */,
				71498EA110D0C8E3DE980137 /* Frameworks */,
			);
			sourceTree = "<group>";
		};
		AB54C08F1F448B3500AEC098 /* Products */ = {
			isa = PBXGroup;
			children = (
				AB54C08E1F448B3500AEC098 /* LocalizationTest.app */,
			);
			name = Products;
			sourceTree = "<group>";
		};
		AB54C0901F448B3500AEC098 /* LocalizationTest */ = {
			isa = PBXGroup;
			children = (
				AB8B49F31FB0B344001CB1EB /* Model */,
				AB8B49F41FB0B352001CB1EB /* Localization */,
				AB54C0911F448B3500AEC098 /* AppDelegate.swift */,
				AB54C0931F448B3500AEC098 /* MainVC.swift */,
				AB54C0A31F448E4F00AEC098 /* LanguageSelectVC.swift */,
				AB54C0951F448B3500AEC098 /* Main.storyboard */,
				AB54C0981F448B3500AEC098 /* Assets.xcassets */,
				AB54C09A1F448B3500AEC098 /* LaunchScreen.storyboard */,
				AB54C09D1F448B3500AEC098 /* Info.plist */,
			);
			path = LocalizationTest;
			sourceTree = "<group>";
		};
		AB8B49F31FB0B344001CB1EB /* Model */ = {
			isa = PBXGroup;
			children = (
				AB54C0B11F44934700AEC098 /* RealmConfig.swift */,
				AB54C0B31F44973300AEC098 /* LocalizedText.swift */,
			);
			path = Model;
			sourceTree = "<group>";
		};
		AB8B49F41FB0B352001CB1EB /* Localization */ = {
			isa = PBXGroup;
			children = (
				AB54C0BB1F449A8F00AEC098 /* Localizable.strings */,
				AB312B661F45943F0041AE0A /* localization.json */,
				AB54C0C31F44B10400AEC098 /* UIKit+.swift */,
				AB54C0C11F44A2F700AEC098 /* LiveUpdatable.swift */,
				ABFA9C6F1F45D45A009D1CC1 /* LiveUpdatingService.swift */,
				AB54C0A51F448EDB00AEC098 /* Localization.swift */,
				AB54C0A71F448EE200AEC098 /* Localizable.swift */,
			);
			path = Localization;
			sourceTree = "<group>";
		};
/* End PBXGroup section */

/* Begin PBXNativeTarget section */
		AB54C08D1F448B3500AEC098 /* LocalizationTest */ = {
			isa = PBXNativeTarget;
			buildConfigurationList = AB54C0A01F448B3500AEC098 /* Build configuration list for PBXNativeTarget "LocalizationTest" */;
			buildPhases = (
				C22DF562A4D923DF80C56C2B /* [CP] Check Pods Manifest.lock */,
				AB54C08A1F448B3500AEC098 /* Sources */,
				AB54C08B1F448B3500AEC098 /* Frameworks */,
				AB54C08C1F448B3500AEC098 /* Resources */,
				803D009ABE26BF12BA84A90E /* [CP] Embed Pods Frameworks */,
				88BFE471ECEA1A750DF40230 /* [CP] Copy Pods Resources */,
			);
			buildRules = (
			);
			dependencies = (
			);
			name = LocalizationTest;
			productName = LocalizationTest;
			productReference = AB54C08E1F448B3500AEC098 /* LocalizationTest.app */;
			productType = "com.apple.product-type.application";
		};
/* End PBXNativeTarget section */

/* Begin PBXProject section */
		AB54C0861F448B3500AEC098 /* Project object */ = {
			isa = PBXProject;
			attributes = {
				LastSwiftUpdateCheck = 0830;
				LastUpgradeCheck = 0910;
				ORGANIZATIONNAME = "Alex Alexandrovych";
				TargetAttributes = {
					AB54C08D1F448B3500AEC098 = {
						CreatedOnToolsVersion = 8.3.3;
						DevelopmentTeam = 9RJC774R39;
						LastSwiftMigration = 0910;
						ProvisioningStyle = Automatic;
					};
				};
			};
			buildConfigurationList = AB54C0891F448B3500AEC098 /* Build configuration list for PBXProject "LocalizationTest" */;
			compatibilityVersion = "Xcode 3.2";
			developmentRegion = English;
			hasScannedForEncodings = 0;
			knownRegions = (
				en,
				Base,
				he,
				ru,
			);
			mainGroup = AB54C0851F448B3500AEC098;
			productRefGroup = AB54C08F1F448B3500AEC098 /* Products */;
			projectDirPath = "";
			projectRoot = "";
			targets = (
				AB54C08D1F448B3500AEC098 /* LocalizationTest */,
			);
		};
/* End PBXProject section */

/* Begin PBXResourcesBuildPhase section */
		AB54C08C1F448B3500AEC098 /* Resources */ = {
			isa = PBXResourcesBuildPhase;
			buildActionMask = 2147483647;
			files = (
				AB312B671F45943F0041AE0A /* localization.json in Resources */,
				AB54C09C1F448B3500AEC098 /* LaunchScreen.storyboard in Resources */,
				AB54C0B91F449A8F00AEC098 /* Localizable.strings in Resources */,
				AB54C0991F448B3500AEC098 /* Assets.xcassets in Resources */,
				AB54C0971F448B3500AEC098 /* Main.storyboard in Resources */,
			);
			runOnlyForDeploymentPostprocessing = 0;
		};
/* End PBXResourcesBuildPhase section */

/* Begin PBXShellScriptBuildPhase section */
		803D009ABE26BF12BA84A90E /* [CP] Embed Pods Frameworks */ = {
			isa = PBXShellScriptBuildPhase;
			buildActionMask = 2147483647;
			files = (
			);
			inputPaths = (
				"${SRCROOT}/Pods/Target Support Files/Pods-LocalizationTest/Pods-LocalizationTest-frameworks.sh",
				"${BUILT_PRODUCTS_DIR}/Realm/Realm.framework",
				"${BUILT_PRODUCTS_DIR}/RealmSwift/RealmSwift.framework",
				"${BUILT_PRODUCTS_DIR}/RxRealm/RxRealm.framework",
				"${BUILT_PRODUCTS_DIR}/RxSwift/RxSwift.framework",
				"${BUILT_PRODUCTS_DIR}/Socket.IO-Client-Swift/SocketIO.framework",
				"${BUILT_PRODUCTS_DIR}/Starscream/Starscream.framework",
			);
			name = "[CP] Embed Pods Frameworks";
			outputPaths = (
				"${TARGET_BUILD_DIR}/${FRAMEWORKS_FOLDER_PATH}/Realm.framework",
				"${TARGET_BUILD_DIR}/${FRAMEWORKS_FOLDER_PATH}/RealmSwift.framework",
				"${TARGET_BUILD_DIR}/${FRAMEWORKS_FOLDER_PATH}/RxRealm.framework",
				"${TARGET_BUILD_DIR}/${FRAMEWORKS_FOLDER_PATH}/RxSwift.framework",
				"${TARGET_BUILD_DIR}/${FRAMEWORKS_FOLDER_PATH}/SocketIO.framework",
				"${TARGET_BUILD_DIR}/${FRAMEWORKS_FOLDER_PATH}/Starscream.framework",
			);
			runOnlyForDeploymentPostprocessing = 0;
			shellPath = /bin/sh;
			shellScript = "\"${SRCROOT}/Pods/Target Support Files/Pods-LocalizationTest/Pods-LocalizationTest-frameworks.sh\"\n";
			showEnvVarsInLog = 0;
		};
		88BFE471ECEA1A750DF40230 /* [CP] Copy Pods Resources */ = {
			isa = PBXShellScriptBuildPhase;
			buildActionMask = 2147483647;
			files = (
			);
			inputPaths = (
			);
			name = "[CP] Copy Pods Resources";
			outputPaths = (
			);
			runOnlyForDeploymentPostprocessing = 0;
			shellPath = /bin/sh;
			shellScript = "\"${SRCROOT}/Pods/Target Support Files/Pods-LocalizationTest/Pods-LocalizationTest-resources.sh\"\n";
			showEnvVarsInLog = 0;
		};
		C22DF562A4D923DF80C56C2B /* [CP] Check Pods Manifest.lock */ = {
			isa = PBXShellScriptBuildPhase;
			buildActionMask = 2147483647;
			files = (
			);
			inputPaths = (
				"${PODS_PODFILE_DIR_PATH}/Podfile.lock",
				"${PODS_ROOT}/Manifest.lock",
			);
			name = "[CP] Check Pods Manifest.lock";
			outputPaths = (
				"$(DERIVED_FILE_DIR)/Pods-LocalizationTest-checkManifestLockResult.txt",
			);
			runOnlyForDeploymentPostprocessing = 0;
			shellPath = /bin/sh;
			shellScript = "diff \"${PODS_PODFILE_DIR_PATH}/Podfile.lock\" \"${PODS_ROOT}/Manifest.lock\" > /dev/null\nif [ $? != 0 ] ; then\n    # print error to STDERR\n    echo \"error: The sandbox is not in sync with the Podfile.lock. Run 'pod install' or update your CocoaPods installation.\" >&2\n    exit 1\nfi\n# This output is used by Xcode 'outputs' to avoid re-running this script phase.\necho \"SUCCESS\" > \"${SCRIPT_OUTPUT_FILE_0}\"\n";
			showEnvVarsInLog = 0;
		};
/* End PBXShellScriptBuildPhase section */

/* Begin PBXSourcesBuildPhase section */
		AB54C08A1F448B3500AEC098 /* Sources */ = {
			isa = PBXSourcesBuildPhase;
			buildActionMask = 2147483647;
			files = (
				AB54C0A41F448E4F00AEC098 /* LanguageSelectVC.swift in Sources */,
				ABFA9C701F45D45A009D1CC1 /* LiveUpdatingService.swift in Sources */,
				AB54C0941F448B3500AEC098 /* MainVC.swift in Sources */,
				AB54C0A81F448EE200AEC098 /* Localizable.swift in Sources */,
				AB54C0A61F448EDB00AEC098 /* Localization.swift in Sources */,
				AB54C0B41F44973300AEC098 /* LocalizedText.swift in Sources */,
				AB54C0921F448B3500AEC098 /* AppDelegate.swift in Sources */,
				AB54C0C21F44A2F700AEC098 /* LiveUpdatable.swift in Sources */,
				AB54C0B21F44934700AEC098 /* RealmConfig.swift in Sources */,
				AB54C0C41F44B10400AEC098 /* UIKit+.swift in Sources */,
			);
			runOnlyForDeploymentPostprocessing = 0;
		};
/* End PBXSourcesBuildPhase section */

/* Begin PBXVariantGroup section */
		AB54C0951F448B3500AEC098 /* Main.storyboard */ = {
			isa = PBXVariantGroup;
			children = (
				AB54C0C01F449ADE00AEC098 /* Base */,
			);
			name = Main.storyboard;
			sourceTree = "<group>";
		};
		AB54C09A1F448B3500AEC098 /* LaunchScreen.storyboard */ = {
			isa = PBXVariantGroup;
			children = (
				AB54C09B1F448B3500AEC098 /* Base */,
			);
			name = LaunchScreen.storyboard;
			sourceTree = "<group>";
		};
		AB54C0BB1F449A8F00AEC098 /* Localizable.strings */ = {
			isa = PBXVariantGroup;
			children = (
				AB54C0BA1F449A8F00AEC098 /* Base */,
				AB54C0BC1F449A9000AEC098 /* en */,
				AB54C0BD1F449A9100AEC098 /* he */,
				AB54C0BE1F449A9200AEC098 /* ru */,
			);
			name = Localizable.strings;
			sourceTree = "<group>";
		};
/* End PBXVariantGroup section */

/* Begin XCBuildConfiguration section */
		AB54C09E1F448B3500AEC098 /* Debug */ = {
			isa = XCBuildConfiguration;
			buildSettings = {
				ALWAYS_SEARCH_USER_PATHS = NO;
				CLANG_ANALYZER_LOCALIZABILITY_NONLOCALIZED = YES;
				CLANG_ANALYZER_NONNULL = YES;
				CLANG_ANALYZER_NUMBER_OBJECT_CONVERSION = YES_AGGRESSIVE;
				CLANG_CXX_LANGUAGE_STANDARD = "gnu++0x";
				CLANG_CXX_LIBRARY = "libc++";
				CLANG_ENABLE_MODULES = YES;
				CLANG_ENABLE_OBJC_ARC = YES;
				CLANG_WARN_BLOCK_CAPTURE_AUTORELEASING = YES;
				CLANG_WARN_BOOL_CONVERSION = YES;
				CLANG_WARN_COMMA = YES;
				CLANG_WARN_CONSTANT_CONVERSION = YES;
				CLANG_WARN_DIRECT_OBJC_ISA_USAGE = YES_ERROR;
				CLANG_WARN_DOCUMENTATION_COMMENTS = YES;
				CLANG_WARN_EMPTY_BODY = YES;
				CLANG_WARN_ENUM_CONVERSION = YES;
				CLANG_WARN_INFINITE_RECURSION = YES;
				CLANG_WARN_INT_CONVERSION = YES;
				CLANG_WARN_NON_LITERAL_NULL_CONVERSION = YES;
				CLANG_WARN_OBJC_LITERAL_CONVERSION = YES;
				CLANG_WARN_OBJC_ROOT_CLASS = YES_ERROR;
				CLANG_WARN_RANGE_LOOP_ANALYSIS = YES;
				CLANG_WARN_STRICT_PROTOTYPES = YES;
				CLANG_WARN_SUSPICIOUS_MOVE = YES;
				CLANG_WARN_UNREACHABLE_CODE = YES;
				CLANG_WARN__DUPLICATE_METHOD_MATCH = YES;
				"CODE_SIGN_IDENTITY[sdk=iphoneos*]" = "iPhone Developer";
				COPY_PHASE_STRIP = NO;
				DEBUG_INFORMATION_FORMAT = dwarf;
				ENABLE_STRICT_OBJC_MSGSEND = YES;
				ENABLE_TESTABILITY = YES;
				GCC_C_LANGUAGE_STANDARD = gnu99;
				GCC_DYNAMIC_NO_PIC = NO;
				GCC_NO_COMMON_BLOCKS = YES;
				GCC_OPTIMIZATION_LEVEL = 0;
				GCC_PREPROCESSOR_DEFINITIONS = (
					"DEBUG=1",
					"$(inherited)",
				);
				GCC_WARN_64_TO_32_BIT_CONVERSION = YES;
				GCC_WARN_ABOUT_RETURN_TYPE = YES_ERROR;
				GCC_WARN_UNDECLARED_SELECTOR = YES;
				GCC_WARN_UNINITIALIZED_AUTOS = YES_AGGRESSIVE;
				GCC_WARN_UNUSED_FUNCTION = YES;
				GCC_WARN_UNUSED_VARIABLE = YES;
				IPHONEOS_DEPLOYMENT_TARGET = 9.0;
				MTL_ENABLE_DEBUG_INFO = YES;
				ONLY_ACTIVE_ARCH = YES;
				SDKROOT = iphoneos;
				SWIFT_ACTIVE_COMPILATION_CONDITIONS = DEBUG;
				SWIFT_OPTIMIZATION_LEVEL = "-Onone";
				SWIFT_SWIFT3_OBJC_INFERENCE = Default;
				TARGETED_DEVICE_FAMILY = "1,2";
			};
			name = Debug;
		};
		AB54C09F1F448B3500AEC098 /* Release */ = {
			isa = XCBuildConfiguration;
			buildSettings = {
				ALWAYS_SEARCH_USER_PATHS = NO;
				CLANG_ANALYZER_LOCALIZABILITY_NONLOCALIZED = YES;
				CLANG_ANALYZER_NONNULL = YES;
				CLANG_ANALYZER_NUMBER_OBJECT_CONVERSION = YES_AGGRESSIVE;
				CLANG_CXX_LANGUAGE_STANDARD = "gnu++0x";
				CLANG_CXX_LIBRARY = "libc++";
				CLANG_ENABLE_MODULES = YES;
				CLANG_ENABLE_OBJC_ARC = YES;
				CLANG_WARN_BLOCK_CAPTURE_AUTORELEASING = YES;
				CLANG_WARN_BOOL_CONVERSION = YES;
				CLANG_WARN_COMMA = YES;
				CLANG_WARN_CONSTANT_CONVERSION = YES;
				CLANG_WARN_DIRECT_OBJC_ISA_USAGE = YES_ERROR;
				CLANG_WARN_DOCUMENTATION_COMMENTS = YES;
				CLANG_WARN_EMPTY_BODY = YES;
				CLANG_WARN_ENUM_CONVERSION = YES;
				CLANG_WARN_INFINITE_RECURSION = YES;
				CLANG_WARN_INT_CONVERSION = YES;
				CLANG_WARN_NON_LITERAL_NULL_CONVERSION = YES;
				CLANG_WARN_OBJC_LITERAL_CONVERSION = YES;
				CLANG_WARN_OBJC_ROOT_CLASS = YES_ERROR;
				CLANG_WARN_RANGE_LOOP_ANALYSIS = YES;
				CLANG_WARN_STRICT_PROTOTYPES = YES;
				CLANG_WARN_SUSPICIOUS_MOVE = YES;
				CLANG_WARN_UNREACHABLE_CODE = YES;
				CLANG_WARN__DUPLICATE_METHOD_MATCH = YES;
				"CODE_SIGN_IDENTITY[sdk=iphoneos*]" = "iPhone Developer";
				COPY_PHASE_STRIP = NO;
				DEBUG_INFORMATION_FORMAT = "dwarf-with-dsym";
				ENABLE_NS_ASSERTIONS = NO;
				ENABLE_STRICT_OBJC_MSGSEND = YES;
				GCC_C_LANGUAGE_STANDARD = gnu99;
				GCC_NO_COMMON_BLOCKS = YES;
				GCC_WARN_64_TO_32_BIT_CONVERSION = YES;
				GCC_WARN_ABOUT_RETURN_TYPE = YES_ERROR;
				GCC_WARN_UNDECLARED_SELECTOR = YES;
				GCC_WARN_UNINITIALIZED_AUTOS = YES_AGGRESSIVE;
				GCC_WARN_UNUSED_FUNCTION = YES;
				GCC_WARN_UNUSED_VARIABLE = YES;
				IPHONEOS_DEPLOYMENT_TARGET = 9.0;
				MTL_ENABLE_DEBUG_INFO = NO;
				SDKROOT = iphoneos;
				SWIFT_OPTIMIZATION_LEVEL = "-Owholemodule";
				SWIFT_SWIFT3_OBJC_INFERENCE = Default;
				TARGETED_DEVICE_FAMILY = "1,2";
				VALIDATE_PRODUCT = YES;
			};
			name = Release;
		};
		AB54C0A11F448B3500AEC098 /* Debug */ = {
			isa = XCBuildConfiguration;
			baseConfigurationReference = 689389D6D65CC6B70B274170 /* Pods-LocalizationTest.debug.xcconfig */;
			buildSettings = {
				ASSETCATALOG_COMPILER_APPICON_NAME = AppIcon;
				DEVELOPMENT_TEAM = 9RJC774R39;
				GCC_PREPROCESSOR_DEFINITIONS = (
					"$(inherited)",
					"COCOAPODS=1",
					"REMOTE_LOCALIZATION=1",
				);
				INFOPLIST_FILE = LocalizationTest/Info.plist;
				LD_RUNPATH_SEARCH_PATHS = "$(inherited) @executable_path/Frameworks";
				PRODUCT_BUNDLE_IDENTIFIER = com.me.LocalizationTest;
				PRODUCT_NAME = "$(TARGET_NAME)";
				SWIFT_SWIFT3_OBJC_INFERENCE = Default;
				SWIFT_VERSION = 4.0;
			};
			name = Debug;
		};
		AB54C0A21F448B3500AEC098 /* Release */ = {
			isa = XCBuildConfiguration;
			baseConfigurationReference = 5135C8F5E8411A355851232A /* Pods-LocalizationTest.release.xcconfig */;
			buildSettings = {
				ASSETCATALOG_COMPILER_APPICON_NAME = AppIcon;
				DEVELOPMENT_TEAM = 9RJC774R39;
				INFOPLIST_FILE = LocalizationTest/Info.plist;
				LD_RUNPATH_SEARCH_PATHS = "$(inherited) @executable_path/Frameworks";
				PRODUCT_BUNDLE_IDENTIFIER = com.me.LocalizationTest;
				PRODUCT_NAME = "$(TARGET_NAME)";
				SWIFT_SWIFT3_OBJC_INFERENCE = Default;
				SWIFT_VERSION = 4.0;
			};
			name = Release;
		};
/* End XCBuildConfiguration section */

/* Begin XCConfigurationList section */
		AB54C0891F448B3500AEC098 /* Build configuration list for PBXProject "LocalizationTest" */ = {
			isa = XCConfigurationList;
			buildConfigurations = (
				AB54C09E1F448B3500AEC098 /* Debug */,
				AB54C09F1F448B3500AEC098 /* Release */,
			);
			defaultConfigurationIsVisible = 0;
			defaultConfigurationName = Release;
		};
		AB54C0A01F448B3500AEC098 /* Build configuration list for PBXNativeTarget "LocalizationTest" */ = {
			isa = XCConfigurationList;
			buildConfigurations = (
				AB54C0A11F448B3500AEC098 /* Debug */,
				AB54C0A21F448B3500AEC098 /* Release */,
			);
			defaultConfigurationIsVisible = 0;
			defaultConfigurationName = Release;
		};
/* End XCConfigurationList section */
	};
	rootObject = AB54C0861F448B3500AEC098 /* Project object */;
}
